uuid: 5adb8e39-2e1e-4c33-b858-b07b67ecf1ff
langcode: en
status: true
dependencies:
  config:
    - views.view.author_articles
  module:
    - node
    - views
  theme:
    - bartik
id: views_block__author_articles_block
theme: bartik
region: content
weight: -1
provider: null
plugin: 'views_block:author_articles-author_articles_block'
settings:
  id: 'views_block:author_articles-author_articles_block'
  label: ''
  provider: views
  label_display: visible
  views_label: ''
  items_per_page: none
visibility:
  node_type:
    id: node_type
    bundles:
      article: article
    negate: false
    context_mapping:
      node: '@node.node_route_context:node'
